
Microsoft Visual Studio Solution File, Format Version 11.00
# Visual Studio 2010
Project("{FAE04EC0-301F-11D3-BF4B-00C04F79EFBC}") = "TestPlayer", "TestPlayer\TestPlayer.csproj", "{AFEA634F-D424-43FA-B6DB-21364889BC3E}"
EndProject
Project("{FAE04EC0-301F-11D3-BF4B-00C04F79EFBC}") = "TestPlayer.Tests", "TestPlayer.Tests\TestPlayer.Tests.csproj", "{311F002E-415E-4E23-B5F6-ED425794F8B5}"
EndProject
Project("{FAE04EC0-301F-11D3-BF4B-00C04F79EFBC}") = "DomainModel", "DomainModel\DomainModel.csproj", "{AC3E8967-03A1-4DCF-8BC2-173AD3E826EA}"
EndProject
Global
	GlobalSection(SolutionConfigurationPlatforms) = preSolution
		Debug|Any CPU = Debug|Any CPU
		Debug|Mixed Platforms = Debug|Mixed Platforms
		Debug|x86 = Debug|x86
		Release|Any CPU = Release|Any CPU
		Release|Mixed Platforms = Release|Mixed Platforms
		Release|x86 = Release|x86
	EndGlobalSection
	GlobalSection(ProjectConfigurationPlatforms) = postSolution
		{AFEA634F-D424-43FA-B6DB-21364889BC3E}.Debug|Any CPU.ActiveCfg = Debug|Any CPU
		{AFEA634F-D424-43FA-B6DB-21364889BC3E}.Debug|Any CPU.Build.0 = Debug|Any CPU
		{AFEA634F-D424-43FA-B6DB-21364889BC3E}.Debug|Mixed Platforms.ActiveCfg = Debug|Any CPU
		{AFEA634F-D424-43FA-B6DB-21364889BC3E}.Debug|Mixed Platforms.Build.0 = Debug|Any CPU
		{AFEA634F-D424-43FA-B6DB-21364889BC3E}.Debug|x86.ActiveCfg = Debug|Any CPU
		{AFEA634F-D424-43FA-B6DB-21364889BC3E}.Release|Any CPU.ActiveCfg = Release|Any CPU
		{AFEA634F-D424-43FA-B6DB-21364889BC3E}.Release|Any CPU.Build.0 = Release|Any CPU
		{AFEA634F-D424-43FA-B6DB-21364889BC3E}.Release|Mixed Platforms.ActiveCfg = Release|Any CPU
		{AFEA634F-D424-43FA-B6DB-21364889BC3E}.Release|Mixed Platforms.Build.0 = Release|Any CPU
		{AFEA634F-D424-43FA-B6DB-21364889BC3E}.Release|x86.ActiveCfg = Release|Any CPU
		{311F002E-415E-4E23-B5F6-ED425794F8B5}.Debug|Any CPU.ActiveCfg = Debug|Any CPU
		{311F002E-415E-4E23-B5F6-ED425794F8B5}.Debug|Any CPU.Build.0 = Debug|Any CPU
		{311F002E-415E-4E23-B5F6-ED425794F8B5}.Debug|Mixed Platforms.ActiveCfg = Debug|Any CPU
		{311F002E-415E-4E23-B5F6-ED425794F8B5}.Debug|Mixed Platforms.Build.0 = Debug|Any CPU
		{311F002E-415E-4E23-B5F6-ED425794F8B5}.Debug|x86.ActiveCfg = Debug|Any CPU
		{311F002E-415E-4E23-B5F6-ED425794F8B5}.Release|Any CPU.ActiveCfg = Release|Any CPU
		{311F002E-415E-4E23-B5F6-ED425794F8B5}.Release|Any CPU.Build.0 = Release|Any CPU
		{311F002E-415E-4E23-B5F6-ED425794F8B5}.Release|Mixed Platforms.ActiveCfg = Release|Any CPU
		{311F002E-415E-4E23-B5F6-ED425794F8B5}.Release|Mixed Platforms.Build.0 = Release|Any CPU
		{311F002E-415E-4E23-B5F6-ED425794F8B5}.Release|x86.ActiveCfg = Release|Any CPU
		{AC3E8967-03A1-4DCF-8BC2-173AD3E826EA}.Debug|Any CPU.ActiveCfg = Debug|Any CPU
		{AC3E8967-03A1-4DCF-8BC2-173AD3E826EA}.Debug|Any CPU.Build.0 = Debug|Any CPU
		{AC3E8967-03A1-4DCF-8BC2-173AD3E826EA}.Debug|Mixed Platforms.ActiveCfg = Debug|Any CPU
		{AC3E8967-03A1-4DCF-8BC2-173AD3E826EA}.Debug|Mixed Platforms.Build.0 = Debug|Any CPU
		{AC3E8967-03A1-4DCF-8BC2-173AD3E826EA}.Debug|x86.ActiveCfg = Debug|Any CPU
		{AC3E8967-03A1-4DCF-8BC2-173AD3E826EA}.Release|Any CPU.ActiveCfg = Release|Any CPU
		{AC3E8967-03A1-4DCF-8BC2-173AD3E826EA}.Release|Any CPU.Build.0 = Release|Any CPU
		{AC3E8967-03A1-4DCF-8BC2-173AD3E826EA}.Release|Mixed Platforms.ActiveCfg = Release|Any CPU
		{AC3E8967-03A1-4DCF-8BC2-173AD3E826EA}.Release|Mixed Platforms.Build.0 = Release|Any CPU
		{AC3E8967-03A1-4DCF-8BC2-173AD3E826EA}.Release|x86.ActiveCfg = Release|Any CPU
	EndGlobalSection
	GlobalSection(SolutionProperties) = preSolution
		HideSolutionNode = FALSE
	EndGlobalSection
EndGlobal
